<?xml version="1.0" encoding="UTF-8" standalone="yes" ?>
<CodeBlocks_project_file>
	<FileVersion major="1" minor="6" />
	<Project>
		<Option title="SuperLuffyCrew" />
		<Option pch_mode="2" />
		<Option compiler="gcc" />
		<Build>
			<Target title="Debug">
				<Option output="bin/Debug/SuperLuffyCrew" prefix_auto="1" extension_auto="1" />
				<Option object_output="obj/Debug/" />
				<Option type="1" />
				<Option compiler="gcc" />
				<Compiler>
					<Add option="-g" />
					<Add directory="/usr/share/SFML" />
					<Add directory="include" />
				</Compiler>
				<Linker>
					<Add library="sfml-graphics" />
					<Add library="sfml-window" />
					<Add library="sfml-system" />
					<Add library="sfml-audio" />
				</Linker>
			</Target>
			<Target title="Release">
				<Option output="bin/Release/SuperLuffyCrew" prefix_auto="1" extension_auto="1" />
				<Option object_output="obj/Release/" />
				<Option type="1" />
				<Option compiler="gcc" />
				<Compiler>
					<Add option="-O2" />
					<Add directory="include" />
				</Compiler>
				<Linker>
					<Add option="-s" />
				</Linker>
			</Target>
		</Build>
		<Compiler>
			<Add option="-Wall" />
			<Add option="-fexceptions" />
		</Compiler>
		<Unit filename="include/Character.h" />
		<Unit filename="include/CharacterView.h" />
		<Unit filename="include/Enemy.h" />
		<Unit filename="include/EnemyView.h" />
		<Unit filename="include/Game.h" />
		<Unit filename="include/GroundView.h" />
		<Unit filename="include/Obstacle.h" />
		<Unit filename="include/Position.h" />
		<Unit filename="main.cpp" />
		<Unit filename="src/Character.cpp" />
		<Unit filename="src/CharacterView.cpp" />
		<Unit filename="src/Enemy.cpp" />
		<Unit filename="src/EnemyView.cpp" />
		<Unit filename="src/Game.cpp" />
		<Unit filename="src/GroundView.cpp" />
		<Unit filename="src/Obstacle.cpp" />
		<Unit filename="src/Position.cpp" />
		<Extensions />
	</Project>
</CodeBlocks_project_file>
